
Microsoft Visual Studio Solution File, Format Version 12.00
# Visual Studio Version 17
VisualStudioVersion = 17.14.36221.1
MinimumVisualStudioVersion = 10.0.40219.1
Project("{FAE04EC0-301F-11D3-BF4B-00C04F79EFBC}") = "Demo 01", "Demo 01\Demo 01.csproj", "{DDFBD9B9-31B8-4EA2-96BD-59EFA872C2B3}"
EndProject
Project("{FAE04EC0-301F-11D3-BF4B-00C04F79EFBC}") = "Assiagn01", "Assiagn01\Assiagn01.csproj", "{BA4D88B9-E342-4E03-8DFE-E99B8EFCCE16}"
EndProject
Global
	GlobalSection(SolutionConfigurationPlatforms) = preSolution
		Debug|Any CPU = Debug|Any CPU
		Release|Any CPU = Release|Any CPU
	EndGlobalSection
	GlobalSection(ProjectConfigurationPlatforms) = postSolution
		{DDFBD9B9-31B8-4EA2-96BD-59EFA872C2B3}.Debug|Any CPU.ActiveCfg = Debug|Any CPU
		{DDFBD9B9-31B8-4EA2-96BD-59EFA872C2B3}.Debug|Any CPU.Build.0 = Debug|Any CPU
		{DDFBD9B9-31B8-4EA2-96BD-59EFA872C2B3}.Release|Any CPU.ActiveCfg = Release|Any CPU
		{DDFBD9B9-31B8-4EA2-96BD-59EFA872C2B3}.Release|Any CPU.Build.0 = Release|Any CPU
		{BA4D88B9-E342-4E03-8DFE-E99B8EFCCE16}.Debug|Any CPU.ActiveCfg = Debug|Any CPU
		{BA4D88B9-E342-4E03-8DFE-E99B8EFCCE16}.Debug|Any CPU.Build.0 = Debug|Any CPU
		{BA4D88B9-E342-4E03-8DFE-E99B8EFCCE16}.Release|Any CPU.ActiveCfg = Release|Any CPU
		{BA4D88B9-E342-4E03-8DFE-E99B8EFCCE16}.Release|Any CPU.Build.0 = Release|Any CPU
	EndGlobalSection
	GlobalSection(SolutionProperties) = preSolution
		HideSolutionNode = FALSE
	EndGlobalSection
	GlobalSection(ExtensibilityGlobals) = postSolution
		SolutionGuid = {ACE5A07F-52AB-4C4E-A73C-BA638CF62F59}
	EndGlobalSection
EndGlobal
